
Microsoft Visual Studio Solution File, Format Version 12.00
# Visual Studio Version 16
VisualStudioVersion = 16.0.29215.179
MinimumVisualStudioVersion = 10.0.40219.1
Project("{9A19103F-16F7-4668-BE54-9A1E7A4F7556}") = "InversionRepo", "InversionRepo\InversionRepo.csproj", "{0F1A8584-EFA6-4E1D-B718-ACF4A06B9BB9}"
EndProject
Project("{FAE04EC0-301F-11D3-BF4B-00C04F79EFBC}") = "InversionRepo.UnitTests", "InversionRepo.UnitTests\InversionRepo.UnitTests.csproj", "{1E9A8D72-E0CC-4C90-9431-BEE981A25AA8}"
EndProject
Global
	GlobalSection(SolutionConfigurationPlatforms) = preSolution
		Debug|Any CPU = Debug|Any CPU
		Release|Any CPU = Release|Any CPU
	EndGlobalSection
	GlobalSection(ProjectConfigurationPlatforms) = postSolution
		{0F1A8584-EFA6-4E1D-B718-ACF4A06B9BB9}.Debug|Any CPU.ActiveCfg = Debug|Any CPU
		{0F1A8584-EFA6-4E1D-B718-ACF4A06B9BB9}.Debug|Any CPU.Build.0 = Debug|Any CPU
		{0F1A8584-EFA6-4E1D-B718-ACF4A06B9BB9}.Release|Any CPU.ActiveCfg = Release|Any CPU
		{0F1A8584-EFA6-4E1D-B718-ACF4A06B9BB9}.Release|Any CPU.Build.0 = Release|Any CPU
		{1E9A8D72-E0CC-4C90-9431-BEE981A25AA8}.Debug|Any CPU.ActiveCfg = Debug|Any CPU
		{1E9A8D72-E0CC-4C90-9431-BEE981A25AA8}.Debug|Any CPU.Build.0 = Debug|Any CPU
		{1E9A8D72-E0CC-4C90-9431-BEE981A25AA8}.Release|Any CPU.ActiveCfg = Release|Any CPU
		{1E9A8D72-E0CC-4C90-9431-BEE981A25AA8}.Release|Any CPU.Build.0 = Release|Any CPU
	EndGlobalSection
	GlobalSection(SolutionProperties) = preSolution
		HideSolutionNode = FALSE
	EndGlobalSection
	GlobalSection(ExtensibilityGlobals) = postSolution
		SolutionGuid = {15915D8D-1E80-42F1-B14C-2087490FE924}
	EndGlobalSection
EndGlobal
